
Microsoft Visual Studio Solution File, Format Version 12.00
# Visual Studio 15
VisualStudioVersion = 15.0.27004.2008
MinimumVisualStudioVersion = 10.0.40219.1
Project("{8BC9CEB8-8B4A-11D0-8D11-00A0C91BC942}") = "MeshClient", "MeshClient.vcxproj", "{5C51C3A6-522C-4085-B956-026F7D642701}"
	ProjectSection(ProjectDependencies) = postProject
		{009F4970-6F59-4185-80F9-50343967D139} = {009F4970-6F59-4185-80F9-50343967D139}
		{6A86E884-B61B-4E5F-A290-83694C83E9BC} = {6A86E884-B61B-4E5F-A290-83694C83E9BC}
		{02EED5E9-096E-4542-9040-0FAD7CCE7EC6} = {02EED5E9-096E-4542-9040-0FAD7CCE7EC6}
	EndProjectSection
EndProject
Project("{8BC9CEB8-8B4A-11D0-8D11-00A0C91BC942}") = "mesh_libs", "..\mesh_libs\mesh_libs.vcxproj", "{02EED5E9-096E-4542-9040-0FAD7CCE7EC6}"
EndProject
Project("{8BC9CEB8-8B4A-11D0-8D11-00A0C91BC942}") = "nanopb", "..\..\..\..\..\..\..\test\automation\nanopb\nanopb.vcxproj", "{009F4970-6F59-4185-80F9-50343967D139}"
EndProject
Project("{8BC9CEB8-8B4A-11D0-8D11-00A0C91BC942}") = "MeshAutomation", "automation\MeshAutomation.vcxproj", "{6A86E884-B61B-4E5F-A290-83694C83E9BC}"
EndProject
Global
	GlobalSection(SolutionConfigurationPlatforms) = preSolution
		AutomationDebug|Win32 = AutomationDebug|Win32
		AutomationDebug|x64 = AutomationDebug|x64
		Debug|Win32 = Debug|Win32
		Debug|x64 = Debug|x64
		Release|Win32 = Release|Win32
		Release|x64 = Release|x64
	EndGlobalSection
	GlobalSection(ProjectConfigurationPlatforms) = postSolution
		{5C51C3A6-522C-4085-B956-026F7D642701}.AutomationDebug|Win32.ActiveCfg = AutomationDebug|Win32
		{5C51C3A6-522C-4085-B956-026F7D642701}.AutomationDebug|Win32.Build.0 = AutomationDebug|Win32
		{5C51C3A6-522C-4085-B956-026F7D642701}.AutomationDebug|x64.ActiveCfg = AutomationDebug|Win32
		{5C51C3A6-522C-4085-B956-026F7D642701}.Debug|Win32.ActiveCfg = Debug|Win32
		{5C51C3A6-522C-4085-B956-026F7D642701}.Debug|Win32.Build.0 = Debug|Win32
		{5C51C3A6-522C-4085-B956-026F7D642701}.Debug|x64.ActiveCfg = Debug|Win32
		{5C51C3A6-522C-4085-B956-026F7D642701}.Release|Win32.ActiveCfg = Release|Win32
		{5C51C3A6-522C-4085-B956-026F7D642701}.Release|Win32.Build.0 = Release|Win32
		{5C51C3A6-522C-4085-B956-026F7D642701}.Release|x64.ActiveCfg = Release|Win32
		{02EED5E9-096E-4542-9040-0FAD7CCE7EC6}.AutomationDebug|Win32.ActiveCfg = AutomationDebug|Win32
		{02EED5E9-096E-4542-9040-0FAD7CCE7EC6}.AutomationDebug|Win32.Build.0 = AutomationDebug|Win32
		{02EED5E9-096E-4542-9040-0FAD7CCE7EC6}.AutomationDebug|x64.ActiveCfg = Debug|x64
		{02EED5E9-096E-4542-9040-0FAD7CCE7EC6}.AutomationDebug|x64.Build.0 = Debug|x64
		{02EED5E9-096E-4542-9040-0FAD7CCE7EC6}.Debug|Win32.ActiveCfg = Debug|Win32
		{02EED5E9-096E-4542-9040-0FAD7CCE7EC6}.Debug|Win32.Build.0 = Debug|Win32
		{02EED5E9-096E-4542-9040-0FAD7CCE7EC6}.Debug|x64.ActiveCfg = Debug|x64
		{02EED5E9-096E-4542-9040-0FAD7CCE7EC6}.Debug|x64.Build.0 = Debug|x64
		{02EED5E9-096E-4542-9040-0FAD7CCE7EC6}.Release|Win32.ActiveCfg = Release|Win32
		{02EED5E9-096E-4542-9040-0FAD7CCE7EC6}.Release|Win32.Build.0 = Release|Win32
		{02EED5E9-096E-4542-9040-0FAD7CCE7EC6}.Release|x64.ActiveCfg = Release|x64
		{02EED5E9-096E-4542-9040-0FAD7CCE7EC6}.Release|x64.Build.0 = Release|x64
		{009F4970-6F59-4185-80F9-50343967D139}.AutomationDebug|Win32.ActiveCfg = AutomationDebug|Win32
		{009F4970-6F59-4185-80F9-50343967D139}.AutomationDebug|Win32.Build.0 = AutomationDebug|Win32
		{009F4970-6F59-4185-80F9-50343967D139}.AutomationDebug|x64.ActiveCfg = AutomationDebug|Win32
		{009F4970-6F59-4185-80F9-50343967D139}.Debug|Win32.ActiveCfg = Debug|Win32
		{009F4970-6F59-4185-80F9-50343967D139}.Debug|Win32.Build.0 = Debug|Win32
		{009F4970-6F59-4185-80F9-50343967D139}.Debug|x64.ActiveCfg = Debug|Win32
		{009F4970-6F59-4185-80F9-50343967D139}.Release|Win32.ActiveCfg = Release|Win32
		{009F4970-6F59-4185-80F9-50343967D139}.Release|Win32.Build.0 = Release|Win32
		{009F4970-6F59-4185-80F9-50343967D139}.Release|x64.ActiveCfg = Release|Win32
		{6A86E884-B61B-4E5F-A290-83694C83E9BC}.AutomationDebug|Win32.ActiveCfg = AutomationDebug|Win32
		{6A86E884-B61B-4E5F-A290-83694C83E9BC}.AutomationDebug|Win32.Build.0 = AutomationDebug|Win32
		{6A86E884-B61B-4E5F-A290-83694C83E9BC}.AutomationDebug|x64.ActiveCfg = AutomationDebug|Win32
		{6A86E884-B61B-4E5F-A290-83694C83E9BC}.Debug|Win32.ActiveCfg = Debug|Win32
		{6A86E884-B61B-4E5F-A290-83694C83E9BC}.Debug|Win32.Build.0 = Debug|Win32
		{6A86E884-B61B-4E5F-A290-83694C83E9BC}.Debug|x64.ActiveCfg = Debug|Win32
		{6A86E884-B61B-4E5F-A290-83694C83E9BC}.Release|Win32.ActiveCfg = Release|Win32
		{6A86E884-B61B-4E5F-A290-83694C83E9BC}.Release|Win32.Build.0 = Release|Win32
		{6A86E884-B61B-4E5F-A290-83694C83E9BC}.Release|x64.ActiveCfg = Release|Win32
	EndGlobalSection
	GlobalSection(SolutionProperties) = preSolution
		HideSolutionNode = FALSE
	EndGlobalSection
	GlobalSection(ExtensibilityGlobals) = postSolution
		SolutionGuid = {CB148E63-F321-4C83-A878-5A6B337B1A8F}
	EndGlobalSection
EndGlobal
